{
    "name": "enhanced-analytics",
    "version": "1.0.121",
    "lockfileVersion": 1,
    "requires": true,
    "dependencies": {
        "@types/body-parser": {
            "version": "1.19.2",
            "resolved": "https://registry.npmjs.org/@types/body-parser/-/body-parser-1.19.2.tgz",
            "integrity": "sha512-ALYone6pm6QmwZoAgeyNksccT9Q4AWZQ6PvfwR37GT6r6FWUPguq6sUmNGSMV2Wr761oQoBxwGGa6DR5o1DC9g==",
            "dev": true,
            "requires": {
                "@types/connect": "*",
                "@types/node": "*"
            }
        },
        "@types/connect": {
            "version": "3.4.35",
            "resolved": "https://registry.npmjs.org/@types/connect/-/connect-3.4.35.tgz",
            "integrity": "sha512-cdeYyv4KWoEgpBISTxWvqYsVy444DOqehiF3fM3ne10AmJ62RSyNkUnxMJXHQWRQQX2eR94m5y1IZyDwBjV9FQ==",
            "dev": true,
            "requires": {
                "@types/node": "*"
            }
        },
        "@types/express": {
            "version": "4.17.17",
            "resolved": "https://registry.npmjs.org/@types/express/-/express-4.17.17.tgz",
            "integrity": "sha512-Q4FmmuLGBG58btUnfS1c1r/NQdlp3DMfGDGig8WhfpA2YRUtEkxAjkZb0yvplJGYdF1fsQ81iMDcH24sSCNC/Q==",
            "dev": true,
            "requires": {
                "@types/body-parser": "*",
                "@types/express-serve-static-core": "^4.17.33",
                "@types/qs": "*",
                "@types/serve-static": "*"
            }
        },
        "@types/express-serve-static-core": {
            "version": "4.17.33",
            "resolved": "https://registry.npmjs.org/@types/express-serve-static-core/-/express-serve-static-core-4.17.33.tgz",
            "integrity": "sha512-TPBqmR/HRYI3eC2E5hmiivIzv+bidAfXofM+sbonAGvyDhySGw9/PQZFt2BLOrjUUR++4eJVpx6KnLQK1Fk9tA==",
            "dev": true,
            "requires": {
                "@types/node": "*",
                "@types/qs": "*",
                "@types/range-parser": "*"
            }
        },
        "@types/lodash": {
            "version": "4.14.182",
            "resolved": "https://registry.npmjs.org/@types/lodash/-/lodash-4.14.182.tgz",
            "integrity": "sha512-/THyiqyQAP9AfARo4pF+aCGcyiQ94tX/Is2I7HofNRqoYLgN1PBoOWu2/zTA5zMxzP5EFutMtWtGAFRKUe961Q==",
            "dev": true
        },
        "@types/mime": {
            "version": "3.0.1",
            "resolved": "https://registry.npmjs.org/@types/mime/-/mime-3.0.1.tgz",
            "integrity": "sha512-Y4XFY5VJAuw0FgAqPNd6NNoV44jbq9Bz2L7Rh/J6jLTiHBSBJa9fxqQIvkIld4GsoDOcCbvzOUAbLPsSKKg+uA==",
            "dev": true
        },
        "@types/node": {
            "version": "18.14.6",
            "resolved": "https://registry.npmjs.org/@types/node/-/node-18.14.6.tgz",
            "integrity": "sha512-93+VvleD3mXwlLI/xASjw0FzKcwzl3OdTCzm1LaRfqgS21gfFtK3zDXM5Op9TeeMsJVOaJ2VRDpT9q4Y3d0AvA==",
            "dev": true
        },
        "@types/prop-types": {
            "version": "15.7.5",
            "resolved": "https://registry.npmjs.org/@types/prop-types/-/prop-types-15.7.5.tgz",
            "integrity": "sha512-JCB8C6SnDoQf0cNycqd/35A7MjcnK+ZTqE7judS6o7utxUCg6imJg3QK2qzHKszlTjcj2cn+NwMB2i96ubpj7w==",
            "dev": true
        },
        "@types/qs": {
            "version": "6.9.7",
            "resolved": "https://registry.npmjs.org/@types/qs/-/qs-6.9.7.tgz",
            "integrity": "sha512-FGa1F62FT09qcrueBA6qYTrJPVDzah9a+493+o2PCXsesWHIn27G98TsSMs3WPNbZIEj4+VJf6saSFpvD+3Zsw==",
            "dev": true
        },
        "@types/range-parser": {
            "version": "1.2.4",
            "resolved": "https://registry.npmjs.org/@types/range-parser/-/range-parser-1.2.4.tgz",
            "integrity": "sha512-EEhsLsD6UsDM1yFhAvy0Cjr6VwmpMWqFBCb9w07wVugF7w9nfajxLuVmngTIpgS6svCnm6Vaw+MZhoDCKnOfsw==",
            "dev": true
        },
        "@types/react": {
            "version": "18.0.15",
            "resolved": "https://registry.npmjs.org/@types/react/-/react-18.0.15.tgz",
            "integrity": "sha512-iz3BtLuIYH1uWdsv6wXYdhozhqj20oD4/Hk2DNXIn1kFsmp9x8d9QB6FnPhfkbhd2PgEONt9Q1x/ebkwjfFLow==",
            "dev": true,
            "requires": {
                "@types/prop-types": "*",
                "@types/scheduler": "*",
                "csstype": "^3.0.2"
            }
        },
        "@types/scheduler": {
            "version": "0.16.2",
            "resolved": "https://registry.npmjs.org/@types/scheduler/-/scheduler-0.16.2.tgz",
            "integrity": "sha512-hppQEBDmlwhFAXKJX2KnWLYu5yMfi91yazPb2l+lbJiwW+wdo1gNeRA+3RgNSO39WYX2euey41KEwnqesU2Jew==",
            "dev": true
        },
        "@types/serve-static": {
            "version": "1.15.1",
            "resolved": "https://registry.npmjs.org/@types/serve-static/-/serve-static-1.15.1.tgz",
            "integrity": "sha512-NUo5XNiAdULrJENtJXZZ3fHtfMolzZwczzBbnAeBbqBwG+LaG6YaJtuwzwGSQZ2wsCrxjEhNNjAkKigy3n8teQ==",
            "dev": true,
            "requires": {
                "@types/mime": "*",
                "@types/node": "*"
            }
        },
        "csstype": {
            "version": "3.1.0",
            "resolved": "https://registry.npmjs.org/csstype/-/csstype-3.1.0.tgz",
            "integrity": "sha512-uX1KG+x9h5hIJsaKR9xHUeUraxf8IODOwq9JLNPq6BwB04a/xgpq3rcx47l5BZu5zBPlgD342tdke3Hom/nJRA==",
            "dev": true
        },
        "typescript": {
            "version": "4.7.4",
            "resolved": "https://registry.npmjs.org/typescript/-/typescript-4.7.4.tgz",
            "integrity": "sha512-C0WQT0gezHuw6AdY1M2jxUO83Rjf0HP7Sk1DtXj6j1EwkQNZrHAg2XPWlq62oqEhYvONq5pkC2Y9oPljWToLmQ==",
            "dev": true
        }
    }
}
